
Microsoft Visual Studio Solution File, Format Version 12.00
# Visual Studio Version 17
VisualStudioVersion = 17.3.32922.545
MinimumVisualStudioVersion = 10.0.40219.1
Project("{FAE04EC0-301F-11D3-BF4B-00C04F79EFBC}") = "StorageAccounts", "StorageAccounts\StorageAccounts.csproj", "{6EC2A615-E938-4867-A166-96C9876AFE39}"
EndProject
Global
	GlobalSection(SolutionConfigurationPlatforms) = preSolution
		Debug|Any CPU = Debug|Any CPU
		Release|Any CPU = Release|Any CPU
	EndGlobalSection
	GlobalSection(ProjectConfigurationPlatforms) = postSolution
		{6EC2A615-E938-4867-A166-96C9876AFE39}.Debug|Any CPU.ActiveCfg = Debug|Any CPU
		{6EC2A615-E938-4867-A166-96C9876AFE39}.Debug|Any CPU.Build.0 = Debug|Any CPU
		{6EC2A615-E938-4867-A166-96C9876AFE39}.Release|Any CPU.ActiveCfg = Release|Any CPU
		{6EC2A615-E938-4867-A166-96C9876AFE39}.Release|Any CPU.Build.0 = Release|Any CPU
	EndGlobalSection
	GlobalSection(SolutionProperties) = preSolution
		HideSolutionNode = FALSE
	EndGlobalSection
	GlobalSection(ExtensibilityGlobals) = postSolution
		SolutionGuid = {56382240-E88B-483E-A5E9-3BB401B5CABB}
	EndGlobalSection
EndGlobal
